// !$*UTF8*$!
{
	archiveVersion = 1;
	classes = {
	};
	objectVersion = 77;
	objects = {

/* Begin PBXBuildFile section */
		8E8DA2532D29365D0034BBB1 /* Mesh.cpp in Sources */ = {isa = PBXBuildFile; fileRef = 8E8DA2522D29365D0034BBB1 /* Mesh.cpp */; };
		8E8DA2562D2947470034BBB1 /* Window.cpp in Sources */ = {isa = PBXBuildFile; fileRef = 8E8DA2552D2947470034BBB1 /* Window.cpp */; };
		8E8DA2582D2965BB0034BBB1 /* Metal.framework in Frameworks */ = {isa = PBXBuildFile; fileRef = 8E8DA2572D2965BB0034BBB1 /* Metal.framework */; };
		8E8DA25B2D298DA10034BBB1 /* MySystem.cpp in Sources */ = {isa = PBXBuildFile; fileRef = 8E8DA25A2D298DA10034BBB1 /* MySystem.cpp */; };
		8E8DA25E2D2990010034BBB1 /* Entity.cpp in Sources */ = {isa = PBXBuildFile; fileRef = 8E8DA25D2D2990010034BBB1 /* Entity.cpp */; };
		8E8DA2642D2992110034BBB1 /* Component.cpp in Sources */ = {isa = PBXBuildFile; fileRef = 8E8DA2632D2992110034BBB1 /* Component.cpp */; };
		8E8DA26A2D2AF3AE0034BBB1 /* Texture_Cube.cpp in Sources */ = {isa = PBXBuildFile; fileRef = 8E8DA2692D2AF3AE0034BBB1 /* Texture_Cube.cpp */; };
		8E8DA26F2D2AFE670034BBB1 /* OpenGL.framework in Frameworks */ = {isa = PBXBuildFile; fileRef = 8E8DA26D2D2AFE0A0034BBB1 /* OpenGL.framework */; };
		8EF1C22B2D240CF90046432D /* AudioToolbox.framework in Frameworks */ = {isa = PBXBuildFile; fileRef = 8EF1C22A2D240CF90046432D /* AudioToolbox.framework */; };
		8EF1C22D2D240D130046432D /* Cocoa.framework in Frameworks */ = {isa = PBXBuildFile; fileRef = 8EF1C22C2D240D130046432D /* Cocoa.framework */; };
		8EF1C22F2D240D240046432D /* CoreAudio.framework in Frameworks */ = {isa = PBXBuildFile; fileRef = 8EF1C22E2D240D240046432D /* CoreAudio.framework */; };
		8EF1C2312D240D2E0046432D /* Carbon.framework in Frameworks */ = {isa = PBXBuildFile; fileRef = 8EF1C2302D240D2E0046432D /* Carbon.framework */; };
		8EF1C2332D240D740046432D /* CoreFoundation.framework in Frameworks */ = {isa = PBXBuildFile; fileRef = 8EF1C2322D240D740046432D /* CoreFoundation.framework */; };
		8EF1C2352D240D7A0046432D /* CoreGraphics.framework in Frameworks */ = {isa = PBXBuildFile; fileRef = 8EF1C2342D240D7A0046432D /* CoreGraphics.framework */; };
		8EF1C2372D240D800046432D /* CoreHaptics.framework in Frameworks */ = {isa = PBXBuildFile; fileRef = 8EF1C2362D240D800046432D /* CoreHaptics.framework */; };
		8EF1C2392D240D860046432D /* CoreVideo.framework in Frameworks */ = {isa = PBXBuildFile; fileRef = 8EF1C2382D240D860046432D /* CoreVideo.framework */; };
		8EF1C23B2D240D8B0046432D /* EventKit.framework in Frameworks */ = {isa = PBXBuildFile; fileRef = 8EF1C23A2D240D8B0046432D /* EventKit.framework */; };
		8EF1C23D2D240D920046432D /* ForceFeedback.framework in Frameworks */ = {isa = PBXBuildFile; fileRef = 8EF1C23C2D240D920046432D /* ForceFeedback.framework */; };
		8EF1C23F2D240D9A0046432D /* GameController.framework in Frameworks */ = {isa = PBXBuildFile; fileRef = 8EF1C23E2D240D9A0046432D /* GameController.framework */; };
		8EF1C2412D240DA20046432D /* IOKit.framework in Frameworks */ = {isa = PBXBuildFile; fileRef = 8EF1C2402D240DA20046432D /* IOKit.framework */; };
		8EF1C2462D240DBD0046432D /* libSDL2.a in Frameworks */ = {isa = PBXBuildFile; fileRef = 8EF1C2422D240DBD0046432D /* libSDL2.a */; };
		8EF1C2472D240DBD0046432D /* libSDL2maind.a in Frameworks */ = {isa = PBXBuildFile; fileRef = 8EF1C2432D240DBD0046432D /* libSDL2maind.a */; };
		8EF1C2482D240DBD0046432D /* libSDL2main.a in Frameworks */ = {isa = PBXBuildFile; fileRef = 8EF1C2442D240DBD0046432D /* libSDL2main.a */; };
		8EF1C2492D240DBD0046432D /* libSDL2d.a in Frameworks */ = {isa = PBXBuildFile; fileRef = 8EF1C2452D240DBD0046432D /* libSDL2d.a */; };
		8EF1C24C2D240DCA0046432D /* libsoil2.a in Frameworks */ = {isa = PBXBuildFile; fileRef = 8EF1C24A2D240DCA0046432D /* libsoil2.a */; };
		8EF1C24D2D240DCA0046432D /* libsoil2d.a in Frameworks */ = {isa = PBXBuildFile; fileRef = 8EF1C24B2D240DCA0046432D /* libsoil2d.a */; };
		8EF1C2522D240DD80046432D /* libassimp.a in Frameworks */ = {isa = PBXBuildFile; fileRef = 8EF1C24E2D240DD80046432D /* libassimp.a */; };
		8EF1C2532D240DD80046432D /* libzlibstatic.a in Frameworks */ = {isa = PBXBuildFile; fileRef = 8EF1C24F2D240DD80046432D /* libzlibstatic.a */; };
		8EF1C2542D240DD80046432D /* libassimpd.a in Frameworks */ = {isa = PBXBuildFile; fileRef = 8EF1C2502D240DD80046432D /* libassimpd.a */; };
		8EF1C2552D240DD80046432D /* libzlibstaticd.a in Frameworks */ = {isa = PBXBuildFile; fileRef = 8EF1C2512D240DD80046432D /* libzlibstaticd.a */; };
		8EF1C2572D240EF20046432D /* glad.c in Sources */ = {isa = PBXBuildFile; fileRef = 8EF1C2562D240EF20046432D /* glad.c */; };
		8EF1C2592D2410BA0046432D /* main.cpp in Sources */ = {isa = PBXBuildFile; fileRef = 8EF1C2582D2410BA0046432D /* main.cpp */; };
		8EF1C25C2D2416F50046432D /* MyKernel.cpp in Sources */ = {isa = PBXBuildFile; fileRef = 8EF1C25B2D2416F50046432D /* MyKernel.cpp */; };
		8EF1C25F2D2417FF0046432D /* Task.cpp in Sources */ = {isa = PBXBuildFile; fileRef = 8EF1C25E2D2417FF0046432D /* Task.cpp */; };
/* End PBXBuildFile section */

/* Begin PBXCopyFilesBuildPhase section */
		8EF1C21D2D2404FF0046432D /* CopyFiles */ = {
			isa = PBXCopyFilesBuildPhase;
			buildActionMask = 2147483647;
			dstPath = /usr/share/man/man1/;
			dstSubfolderSpec = 0;
			files = (
			);
			runOnlyForDeploymentPostprocessing = 1;
		};
/* End PBXCopyFilesBuildPhase section */

/* Begin PBXFileReference section */
		8E8DA2512D29365D0034BBB1 /* Mesh.hpp */ = {isa = PBXFileReference; lastKnownFileType = sourcecode.cpp.h; name = Mesh.hpp; path = "/Users/andresragot/Library/CloudStorage/OneDrive-UDIT/UDIT/4to año/1er Semestre/Programación Gráfica/OpenGL-FinalProject/code/Mesh.hpp"; sourceTree = "<absolute>"; };
		8E8DA2522D29365D0034BBB1 /* Mesh.cpp */ = {isa = PBXFileReference; lastKnownFileType = sourcecode.cpp.cpp; name = Mesh.cpp; path = "/Users/andresragot/Library/CloudStorage/OneDrive-UDIT/UDIT/4to año/1er Semestre/Programación Gráfica/OpenGL-FinalProject/code/Mesh.cpp"; sourceTree = "<absolute>"; };
		8E8DA2542D2947470034BBB1 /* Window.hpp */ = {isa = PBXFileReference; lastKnownFileType = sourcecode.cpp.h; name = Window.hpp; path = "/Users/andresragot/Library/CloudStorage/OneDrive-UDIT/UDIT/4to año/1er Semestre/Programación Gráfica/OpenGL-FinalProject/code/Window.hpp"; sourceTree = "<absolute>"; };
		8E8DA2552D2947470034BBB1 /* Window.cpp */ = {isa = PBXFileReference; lastKnownFileType = sourcecode.cpp.cpp; name = Window.cpp; path = "/Users/andresragot/Library/CloudStorage/OneDrive-UDIT/UDIT/4to año/1er Semestre/Programación Gráfica/OpenGL-FinalProject/code/Window.cpp"; sourceTree = "<absolute>"; };
		8E8DA2572D2965BB0034BBB1 /* Metal.framework */ = {isa = PBXFileReference; lastKnownFileType = wrapper.framework; name = Metal.framework; path = System/Library/Frameworks/Metal.framework; sourceTree = SDKROOT; };
		8E8DA2592D298DA10034BBB1 /* MySystem.hpp */ = {isa = PBXFileReference; lastKnownFileType = sourcecode.cpp.h; name = MySystem.hpp; path = "/Users/andresragot/Library/CloudStorage/OneDrive-UDIT/UDIT/4to año/1er Semestre/Programación Gráfica/OpenGL-FinalProject/code/MySystem.hpp"; sourceTree = "<absolute>"; };
		8E8DA25A2D298DA10034BBB1 /* MySystem.cpp */ = {isa = PBXFileReference; lastKnownFileType = sourcecode.cpp.cpp; name = MySystem.cpp; path = "/Users/andresragot/Library/CloudStorage/OneDrive-UDIT/UDIT/4to año/1er Semestre/Programación Gráfica/OpenGL-FinalProject/code/MySystem.cpp"; sourceTree = "<absolute>"; };
		8E8DA25C2D2990010034BBB1 /* Entity.hpp */ = {isa = PBXFileReference; lastKnownFileType = sourcecode.cpp.h; name = Entity.hpp; path = "/Users/andresragot/Library/CloudStorage/OneDrive-UDIT/UDIT/4to año/1er Semestre/Programación Gráfica/OpenGL-FinalProject/code/Entity.hpp"; sourceTree = "<absolute>"; };
		8E8DA25D2D2990010034BBB1 /* Entity.cpp */ = {isa = PBXFileReference; lastKnownFileType = sourcecode.cpp.cpp; name = Entity.cpp; path = "/Users/andresragot/Library/CloudStorage/OneDrive-UDIT/UDIT/4to año/1er Semestre/Programación Gráfica/OpenGL-FinalProject/code/Entity.cpp"; sourceTree = "<absolute>"; };
		8E8DA2622D2992110034BBB1 /* Component.hpp */ = {isa = PBXFileReference; lastKnownFileType = sourcecode.cpp.h; name = Component.hpp; path = "/Users/andresragot/Library/CloudStorage/OneDrive-UDIT/UDIT/4to año/1er Semestre/Programación Gráfica/OpenGL-FinalProject/code/Component.hpp"; sourceTree = "<absolute>"; };
		8E8DA2632D2992110034BBB1 /* Component.cpp */ = {isa = PBXFileReference; lastKnownFileType = sourcecode.cpp.cpp; name = Component.cpp; path = "/Users/andresragot/Library/CloudStorage/OneDrive-UDIT/UDIT/4to año/1er Semestre/Programación Gráfica/OpenGL-FinalProject/code/Component.cpp"; sourceTree = "<absolute>"; };
		8E8DA2652D2AF17F0034BBB1 /* Camera.hpp */ = {isa = PBXFileReference; lastKnownFileType = sourcecode.cpp.h; name = Camera.hpp; path = "/Users/andresragot/Library/CloudStorage/OneDrive-UDIT/UDIT/4to año/1er Semestre/Programación Gráfica/OpenGL-FinalProject/code/Camera.hpp"; sourceTree = "<absolute>"; };
		8E8DA2682D2AF3AE0034BBB1 /* Texture_Cube.hpp */ = {isa = PBXFileReference; lastKnownFileType = sourcecode.cpp.h; name = Texture_Cube.hpp; path = "/Users/andresragot/Library/CloudStorage/OneDrive-UDIT/UDIT/4to año/1er Semestre/Programación Gráfica/OpenGL-FinalProject/code/Texture_Cube.hpp"; sourceTree = "<absolute>"; };
		8E8DA2692D2AF3AE0034BBB1 /* Texture_Cube.cpp */ = {isa = PBXFileReference; lastKnownFileType = sourcecode.cpp.cpp; name = Texture_Cube.cpp; path = "/Users/andresragot/Library/CloudStorage/OneDrive-UDIT/UDIT/4to año/1er Semestre/Programación Gráfica/OpenGL-FinalProject/code/Texture_Cube.cpp"; sourceTree = "<absolute>"; };
		8E8DA26B2D2AF43A0034BBB1 /* Color.hpp */ = {isa = PBXFileReference; lastKnownFileType = sourcecode.cpp.h; name = Color.hpp; path = "/Users/andresragot/Library/CloudStorage/OneDrive-UDIT/UDIT/4to año/1er Semestre/Programación Gráfica/OpenGL-FinalProject/code/Color.hpp"; sourceTree = "<absolute>"; };
		8E8DA26C2D2AF43A0034BBB1 /* Color_Buffer.hpp */ = {isa = PBXFileReference; lastKnownFileType = sourcecode.cpp.h; name = Color_Buffer.hpp; path = "/Users/andresragot/Library/CloudStorage/OneDrive-UDIT/UDIT/4to año/1er Semestre/Programación Gráfica/OpenGL-FinalProject/code/Color_Buffer.hpp"; sourceTree = "<absolute>"; };
		8E8DA26D2D2AFE0A0034BBB1 /* OpenGL.framework */ = {isa = PBXFileReference; lastKnownFileType = wrapper.framework; name = OpenGL.framework; path = System/Library/Frameworks/OpenGL.framework; sourceTree = SDKROOT; };
		8EF1C21F2D2404FF0046432D /* OpenGL-FinalProject */ = {isa = PBXFileReference; explicitFileType = "compiled.mach-o.executable"; includeInIndex = 0; path = "OpenGL-FinalProject"; sourceTree = BUILT_PRODUCTS_DIR; };
		8EF1C22A2D240CF90046432D /* AudioToolbox.framework */ = {isa = PBXFileReference; lastKnownFileType = wrapper.framework; name = AudioToolbox.framework; path = System/Library/Frameworks/AudioToolbox.framework; sourceTree = SDKROOT; };
		8EF1C22C2D240D130046432D /* Cocoa.framework */ = {isa = PBXFileReference; lastKnownFileType = wrapper.framework; name = Cocoa.framework; path = System/Library/Frameworks/Cocoa.framework; sourceTree = SDKROOT; };
		8EF1C22E2D240D240046432D /* CoreAudio.framework */ = {isa = PBXFileReference; lastKnownFileType = wrapper.framework; name = CoreAudio.framework; path = System/Library/Frameworks/CoreAudio.framework; sourceTree = SDKROOT; };
		8EF1C2302D240D2E0046432D /* Carbon.framework */ = {isa = PBXFileReference; lastKnownFileType = wrapper.framework; name = Carbon.framework; path = System/Library/Frameworks/Carbon.framework; sourceTree = SDKROOT; };
		8EF1C2322D240D740046432D /* CoreFoundation.framework */ = {isa = PBXFileReference; lastKnownFileType = wrapper.framework; name = CoreFoundation.framework; path = System/Library/Frameworks/CoreFoundation.framework; sourceTree = SDKROOT; };
		8EF1C2342D240D7A0046432D /* CoreGraphics.framework */ = {isa = PBXFileReference; lastKnownFileType = wrapper.framework; name = CoreGraphics.framework; path = System/Library/Frameworks/CoreGraphics.framework; sourceTree = SDKROOT; };
		8EF1C2362D240D800046432D /* CoreHaptics.framework */ = {isa = PBXFileReference; lastKnownFileType = wrapper.framework; name = CoreHaptics.framework; path = System/Library/Frameworks/CoreHaptics.framework; sourceTree = SDKROOT; };
		8EF1C2382D240D860046432D /* CoreVideo.framework */ = {isa = PBXFileReference; lastKnownFileType = wrapper.framework; name = CoreVideo.framework; path = System/Library/Frameworks/CoreVideo.framework; sourceTree = SDKROOT; };
		8EF1C23A2D240D8B0046432D /* EventKit.framework */ = {isa = PBXFileReference; lastKnownFileType = wrapper.framework; name = EventKit.framework; path = System/Library/Frameworks/EventKit.framework; sourceTree = SDKROOT; };
		8EF1C23C2D240D920046432D /* ForceFeedback.framework */ = {isa = PBXFileReference; lastKnownFileType = wrapper.framework; name = ForceFeedback.framework; path = System/Library/Frameworks/ForceFeedback.framework; sourceTree = SDKROOT; };
		8EF1C23E2D240D9A0046432D /* GameController.framework */ = {isa = PBXFileReference; lastKnownFileType = wrapper.framework; name = GameController.framework; path = System/Library/Frameworks/GameController.framework; sourceTree = SDKROOT; };
		8EF1C2402D240DA20046432D /* IOKit.framework */ = {isa = PBXFileReference; lastKnownFileType = wrapper.framework; name = IOKit.framework; path = System/Library/Frameworks/IOKit.framework; sourceTree = SDKROOT; };
		8EF1C2422D240DBD0046432D /* libSDL2.a */ = {isa = PBXFileReference; lastKnownFileType = archive.ar; name = libSDL2.a; path = ../../libraries/sdl/lib/macos/libSDL2.a; sourceTree = "<group>"; };
		8EF1C2432D240DBD0046432D /* libSDL2maind.a */ = {isa = PBXFileReference; lastKnownFileType = archive.ar; name = libSDL2maind.a; path = ../../libraries/sdl/lib/macos/libSDL2maind.a; sourceTree = "<group>"; };
		8EF1C2442D240DBD0046432D /* libSDL2main.a */ = {isa = PBXFileReference; lastKnownFileType = archive.ar; name = libSDL2main.a; path = ../../libraries/sdl/lib/macos/libSDL2main.a; sourceTree = "<group>"; };
		8EF1C2452D240DBD0046432D /* libSDL2d.a */ = {isa = PBXFileReference; lastKnownFileType = archive.ar; name = libSDL2d.a; path = ../../libraries/sdl/lib/macos/libSDL2d.a; sourceTree = "<group>"; };
		8EF1C24A2D240DCA0046432D /* libsoil2.a */ = {isa = PBXFileReference; lastKnownFileType = archive.ar; name = libsoil2.a; path = "../../libraries/soil2/lib/macos/xcode-16/static-silicon/libsoil2.a"; sourceTree = "<group>"; };
		8EF1C24B2D240DCA0046432D /* libsoil2d.a */ = {isa = PBXFileReference; lastKnownFileType = archive.ar; name = libsoil2d.a; path = "../../libraries/soil2/lib/macos/xcode-16/static-silicon/libsoil2d.a"; sourceTree = "<group>"; };
		8EF1C24E2D240DD80046432D /* libassimp.a */ = {isa = PBXFileReference; lastKnownFileType = archive.ar; name = libassimp.a; path = "../../libraries/assimp/lib/macos/xcode-16/static-silicon/libassimp.a"; sourceTree = "<group>"; };
		8EF1C24F2D240DD80046432D /* libzlibstatic.a */ = {isa = PBXFileReference; lastKnownFileType = archive.ar; name = libzlibstatic.a; path = "../../libraries/assimp/lib/macos/xcode-16/static-silicon/libzlibstatic.a"; sourceTree = "<group>"; };
		8EF1C2502D240DD80046432D /* libassimpd.a */ = {isa = PBXFileReference; lastKnownFileType = archive.ar; name = libassimpd.a; path = "../../libraries/assimp/lib/macos/xcode-16/static-silicon/libassimpd.a"; sourceTree = "<group>"; };
		8EF1C2512D240DD80046432D /* libzlibstaticd.a */ = {isa = PBXFileReference; lastKnownFileType = archive.ar; name = libzlibstaticd.a; path = "../../libraries/assimp/lib/macos/xcode-16/static-silicon/libzlibstaticd.a"; sourceTree = "<group>"; };
		8EF1C2562D240EF20046432D /* glad.c */ = {isa = PBXFileReference; lastKnownFileType = sourcecode.c.c; name = glad.c; path = ../../libraries/glad/source/glad.c; sourceTree = "<group>"; };
		8EF1C2582D2410BA0046432D /* main.cpp */ = {isa = PBXFileReference; lastKnownFileType = sourcecode.cpp.cpp; name = main.cpp; path = "/Users/andresragot/Library/CloudStorage/OneDrive-UDIT/UDIT/4to año/1er Semestre/Programación Gráfica/OpenGL-FinalProject/code/main.cpp"; sourceTree = "<absolute>"; };
		8EF1C25A2D2416F50046432D /* MyKernel.hpp */ = {isa = PBXFileReference; lastKnownFileType = sourcecode.cpp.h; name = MyKernel.hpp; path = "/Users/andresragot/Library/CloudStorage/OneDrive-UDIT/UDIT/4to año/1er Semestre/Programación Gráfica/OpenGL-FinalProject/code/MyKernel.hpp"; sourceTree = "<absolute>"; };
		8EF1C25B2D2416F50046432D /* MyKernel.cpp */ = {isa = PBXFileReference; lastKnownFileType = sourcecode.cpp.cpp; name = MyKernel.cpp; path = "/Users/andresragot/Library/CloudStorage/OneDrive-UDIT/UDIT/4to año/1er Semestre/Programación Gráfica/OpenGL-FinalProject/code/MyKernel.cpp"; sourceTree = "<absolute>"; };
		8EF1C25D2D2417FF0046432D /* Task.hpp */ = {isa = PBXFileReference; lastKnownFileType = sourcecode.cpp.h; name = Task.hpp; path = "/Users/andresragot/Library/CloudStorage/OneDrive-UDIT/UDIT/4to año/1er Semestre/Programación Gráfica/OpenGL-FinalProject/code/Task.hpp"; sourceTree = "<absolute>"; };
		8EF1C25E2D2417FF0046432D /* Task.cpp */ = {isa = PBXFileReference; lastKnownFileType = sourcecode.cpp.cpp; name = Task.cpp; path = "/Users/andresragot/Library/CloudStorage/OneDrive-UDIT/UDIT/4to año/1er Semestre/Programación Gráfica/OpenGL-FinalProject/code/Task.cpp"; sourceTree = "<absolute>"; };
/* End PBXFileReference section */

/* Begin PBXFrameworksBuildPhase section */
		8EF1C21C2D2404FF0046432D /* Frameworks */ = {
			isa = PBXFrameworksBuildPhase;
			buildActionMask = 2147483647;
			files = (
				8E8DA26F2D2AFE670034BBB1 /* OpenGL.framework in Frameworks */,
				8E8DA2582D2965BB0034BBB1 /* Metal.framework in Frameworks */,
				8EF1C2522D240DD80046432D /* libassimp.a in Frameworks */,
				8EF1C2532D240DD80046432D /* libzlibstatic.a in Frameworks */,
				8EF1C2542D240DD80046432D /* libassimpd.a in Frameworks */,
				8EF1C2552D240DD80046432D /* libzlibstaticd.a in Frameworks */,
				8EF1C24C2D240DCA0046432D /* libsoil2.a in Frameworks */,
				8EF1C24D2D240DCA0046432D /* libsoil2d.a in Frameworks */,
				8EF1C2462D240DBD0046432D /* libSDL2.a in Frameworks */,
				8EF1C2472D240DBD0046432D /* libSDL2maind.a in Frameworks */,
				8EF1C2482D240DBD0046432D /* libSDL2main.a in Frameworks */,
				8EF1C2492D240DBD0046432D /* libSDL2d.a in Frameworks */,
				8EF1C2412D240DA20046432D /* IOKit.framework in Frameworks */,
				8EF1C23F2D240D9A0046432D /* GameController.framework in Frameworks */,
				8EF1C23D2D240D920046432D /* ForceFeedback.framework in Frameworks */,
				8EF1C23B2D240D8B0046432D /* EventKit.framework in Frameworks */,
				8EF1C2392D240D860046432D /* CoreVideo.framework in Frameworks */,
				8EF1C2372D240D800046432D /* CoreHaptics.framework in Frameworks */,
				8EF1C2352D240D7A0046432D /* CoreGraphics.framework in Frameworks */,
				8EF1C2332D240D740046432D /* CoreFoundation.framework in Frameworks */,
				8EF1C2312D240D2E0046432D /* Carbon.framework in Frameworks */,
				8EF1C22F2D240D240046432D /* CoreAudio.framework in Frameworks */,
				8EF1C22D2D240D130046432D /* Cocoa.framework in Frameworks */,
				8EF1C22B2D240CF90046432D /* AudioToolbox.framework in Frameworks */,
			);
			runOnlyForDeploymentPostprocessing = 0;
		};
/* End PBXFrameworksBuildPhase section */

/* Begin PBXGroup section */
		8EF1C2162D2404FF0046432D = {
			isa = PBXGroup;
			children = (
				8E8DA2682D2AF3AE0034BBB1 /* Texture_Cube.hpp */,
				8E8DA2692D2AF3AE0034BBB1 /* Texture_Cube.cpp */,
				8E8DA2652D2AF17F0034BBB1 /* Camera.hpp */,
				8E8DA2622D2992110034BBB1 /* Component.hpp */,
				8E8DA2632D2992110034BBB1 /* Component.cpp */,
				8E8DA25C2D2990010034BBB1 /* Entity.hpp */,
				8E8DA25D2D2990010034BBB1 /* Entity.cpp */,
				8E8DA2592D298DA10034BBB1 /* MySystem.hpp */,
				8E8DA25A2D298DA10034BBB1 /* MySystem.cpp */,
				8E8DA2542D2947470034BBB1 /* Window.hpp */,
				8E8DA2552D2947470034BBB1 /* Window.cpp */,
				8EF1C25D2D2417FF0046432D /* Task.hpp */,
				8EF1C25E2D2417FF0046432D /* Task.cpp */,
				8EF1C25A2D2416F50046432D /* MyKernel.hpp */,
				8EF1C25B2D2416F50046432D /* MyKernel.cpp */,
				8EF1C2582D2410BA0046432D /* main.cpp */,
				8E8DA2512D29365D0034BBB1 /* Mesh.hpp */,
				8E8DA2522D29365D0034BBB1 /* Mesh.cpp */,
				8EF1C2562D240EF20046432D /* glad.c */,
				8EF1C2292D240CF90046432D /* Frameworks */,
				8E8DA26B2D2AF43A0034BBB1 /* Color.hpp */,
				8E8DA26C2D2AF43A0034BBB1 /* Color_Buffer.hpp */,
				8EF1C2202D2404FF0046432D /* Products */,
			);
			sourceTree = "<group>";
		};
		8EF1C2202D2404FF0046432D /* Products */ = {
			isa = PBXGroup;
			children = (
				8EF1C21F2D2404FF0046432D /* OpenGL-FinalProject */,
			);
			name = Products;
			sourceTree = "<group>";
		};
		8EF1C2292D240CF90046432D /* Frameworks */ = {
			isa = PBXGroup;
			children = (
				8E8DA26D2D2AFE0A0034BBB1 /* OpenGL.framework */,
				8E8DA2572D2965BB0034BBB1 /* Metal.framework */,
				8EF1C24E2D240DD80046432D /* libassimp.a */,
				8EF1C2502D240DD80046432D /* libassimpd.a */,
				8EF1C24F2D240DD80046432D /* libzlibstatic.a */,
				8EF1C2512D240DD80046432D /* libzlibstaticd.a */,
				8EF1C24A2D240DCA0046432D /* libsoil2.a */,
				8EF1C24B2D240DCA0046432D /* libsoil2d.a */,
				8EF1C2422D240DBD0046432D /* libSDL2.a */,
				8EF1C2452D240DBD0046432D /* libSDL2d.a */,
				8EF1C2442D240DBD0046432D /* libSDL2main.a */,
				8EF1C2432D240DBD0046432D /* libSDL2maind.a */,
				8EF1C2402D240DA20046432D /* IOKit.framework */,
				8EF1C23E2D240D9A0046432D /* GameController.framework */,
				8EF1C23C2D240D920046432D /* ForceFeedback.framework */,
				8EF1C23A2D240D8B0046432D /* EventKit.framework */,
				8EF1C2382D240D860046432D /* CoreVideo.framework */,
				8EF1C2362D240D800046432D /* CoreHaptics.framework */,
				8EF1C2342D240D7A0046432D /* CoreGraphics.framework */,
				8EF1C2322D240D740046432D /* CoreFoundation.framework */,
				8EF1C2302D240D2E0046432D /* Carbon.framework */,
				8EF1C22E2D240D240046432D /* CoreAudio.framework */,
				8EF1C22C2D240D130046432D /* Cocoa.framework */,
				8EF1C22A2D240CF90046432D /* AudioToolbox.framework */,
			);
			name = Frameworks;
			sourceTree = "<group>";
		};
/* End PBXGroup section */

/* Begin PBXNativeTarget section */
		8EF1C21E2D2404FF0046432D /* OpenGL-FinalProject */ = {
			isa = PBXNativeTarget;
			buildConfigurationList = 8EF1C2262D2404FF0046432D /* Build configuration list for PBXNativeTarget "OpenGL-FinalProject" */;
			buildPhases = (
				8EF1C21B2D2404FF0046432D /* Sources */,
				8EF1C21C2D2404FF0046432D /* Frameworks */,
				8EF1C21D2D2404FF0046432D /* CopyFiles */,
			);
			buildRules = (
			);
			dependencies = (
			);
			name = "OpenGL-FinalProject";
			packageProductDependencies = (
			);
			productName = "OpenGL-FinalProject";
			productReference = 8EF1C21F2D2404FF0046432D /* OpenGL-FinalProject */;
			productType = "com.apple.product-type.tool";
		};
/* End PBXNativeTarget section */

/* Begin PBXProject section */
		8EF1C2172D2404FF0046432D /* Project object */ = {
			isa = PBXProject;
			attributes = {
				BuildIndependentTargetsInParallel = 1;
				LastUpgradeCheck = 1620;
				TargetAttributes = {
					8EF1C21E2D2404FF0046432D = {
						CreatedOnToolsVersion = 16.2;
					};
				};
			};
			buildConfigurationList = 8EF1C21A2D2404FF0046432D /* Build configuration list for PBXProject "OpenGL-FinalProject" */;
			developmentRegion = en;
			hasScannedForEncodings = 0;
			knownRegions = (
				en,
				Base,
			);
			mainGroup = 8EF1C2162D2404FF0046432D;
			minimizedProjectReferenceProxies = 1;
			preferredProjectObjectVersion = 77;
			productRefGroup = 8EF1C2202D2404FF0046432D /* Products */;
			projectDirPath = "";
			projectRoot = "";
			targets = (
				8EF1C21E2D2404FF0046432D /* OpenGL-FinalProject */,
			);
		};
/* End PBXProject section */

/* Begin PBXSourcesBuildPhase section */
		8EF1C21B2D2404FF0046432D /* Sources */ = {
			isa = PBXSourcesBuildPhase;
			buildActionMask = 2147483647;
			files = (
				8E8DA25E2D2990010034BBB1 /* Entity.cpp in Sources */,
				8E8DA2642D2992110034BBB1 /* Component.cpp in Sources */,
				8EF1C25F2D2417FF0046432D /* Task.cpp in Sources */,
				8E8DA26A2D2AF3AE0034BBB1 /* Texture_Cube.cpp in Sources */,
				8E8DA2562D2947470034BBB1 /* Window.cpp in Sources */,
				8EF1C2592D2410BA0046432D /* main.cpp in Sources */,
				8EF1C25C2D2416F50046432D /* MyKernel.cpp in Sources */,
				8E8DA25B2D298DA10034BBB1 /* MySystem.cpp in Sources */,
				8EF1C2572D240EF20046432D /* glad.c in Sources */,
				8E8DA2532D29365D0034BBB1 /* Mesh.cpp in Sources */,
			);
			runOnlyForDeploymentPostprocessing = 0;
		};
/* End PBXSourcesBuildPhase section */

/* Begin XCBuildConfiguration section */
		8EF1C2242D2404FF0046432D /* Debug */ = {
			isa = XCBuildConfiguration;
			buildSettings = {
				ALWAYS_SEARCH_USER_PATHS = NO;
				ASSETCATALOG_COMPILER_GENERATE_SWIFT_ASSET_SYMBOL_EXTENSIONS = YES;
				CLANG_ANALYZER_NONNULL = YES;
				CLANG_ANALYZER_NUMBER_OBJECT_CONVERSION = YES_AGGRESSIVE;
				CLANG_CXX_LANGUAGE_STANDARD = "gnu++20";
				CLANG_ENABLE_MODULES = YES;
				CLANG_ENABLE_OBJC_ARC = YES;
				CLANG_ENABLE_OBJC_WEAK = YES;
				CLANG_WARN_BLOCK_CAPTURE_AUTORELEASING = YES;
				CLANG_WARN_BOOL_CONVERSION = YES;
				CLANG_WARN_COMMA = YES;
				CLANG_WARN_CONSTANT_CONVERSION = YES;
				CLANG_WARN_DEPRECATED_OBJC_IMPLEMENTATIONS = YES;
				CLANG_WARN_DIRECT_OBJC_ISA_USAGE = YES_ERROR;
				CLANG_WARN_DOCUMENTATION_COMMENTS = YES;
				CLANG_WARN_EMPTY_BODY = YES;
				CLANG_WARN_ENUM_CONVERSION = YES;
				CLANG_WARN_INFINITE_RECURSION = YES;
				CLANG_WARN_INT_CONVERSION = YES;
				CLANG_WARN_NON_LITERAL_NULL_CONVERSION = YES;
				CLANG_WARN_OBJC_IMPLICIT_RETAIN_SELF = YES;
				CLANG_WARN_OBJC_LITERAL_CONVERSION = YES;
				CLANG_WARN_OBJC_ROOT_CLASS = YES_ERROR;
				CLANG_WARN_QUOTED_INCLUDE_IN_FRAMEWORK_HEADER = YES;
				CLANG_WARN_RANGE_LOOP_ANALYSIS = YES;
				CLANG_WARN_STRICT_PROTOTYPES = YES;
				CLANG_WARN_SUSPICIOUS_MOVE = YES;
				CLANG_WARN_UNGUARDED_AVAILABILITY = YES_AGGRESSIVE;
				CLANG_WARN_UNREACHABLE_CODE = YES;
				CLANG_WARN__DUPLICATE_METHOD_MATCH = YES;
				COPY_PHASE_STRIP = NO;
				DEBUG_INFORMATION_FORMAT = dwarf;
				ENABLE_STRICT_OBJC_MSGSEND = YES;
				ENABLE_TESTABILITY = YES;
				ENABLE_USER_SCRIPT_SANDBOXING = YES;
				GCC_C_LANGUAGE_STANDARD = gnu17;
				GCC_DYNAMIC_NO_PIC = NO;
				GCC_NO_COMMON_BLOCKS = YES;
				GCC_OPTIMIZATION_LEVEL = 0;
				GCC_PREPROCESSOR_DEFINITIONS = (
					"DEBUG=1",
					"$(inherited)",
				);
				GCC_WARN_64_TO_32_BIT_CONVERSION = YES;
				GCC_WARN_ABOUT_RETURN_TYPE = YES_ERROR;
				GCC_WARN_UNDECLARED_SELECTOR = YES;
				GCC_WARN_UNINITIALIZED_AUTOS = YES_AGGRESSIVE;
				GCC_WARN_UNUSED_FUNCTION = YES;
				GCC_WARN_UNUSED_VARIABLE = YES;
				LOCALIZATION_PREFERS_STRING_CATALOGS = YES;
				MACOSX_DEPLOYMENT_TARGET = 15.2;
				MTL_ENABLE_DEBUG_INFO = INCLUDE_SOURCE;
				MTL_FAST_MATH = YES;
				ONLY_ACTIVE_ARCH = YES;
				SDKROOT = macosx;
			};
			name = Debug;
		};
		8EF1C2252D2404FF0046432D /* Release */ = {
			isa = XCBuildConfiguration;
			buildSettings = {
				ALWAYS_SEARCH_USER_PATHS = NO;
				ASSETCATALOG_COMPILER_GENERATE_SWIFT_ASSET_SYMBOL_EXTENSIONS = YES;
				CLANG_ANALYZER_NONNULL = YES;
				CLANG_ANALYZER_NUMBER_OBJECT_CONVERSION = YES_AGGRESSIVE;
				CLANG_CXX_LANGUAGE_STANDARD = "gnu++20";
				CLANG_ENABLE_MODULES = YES;
				CLANG_ENABLE_OBJC_ARC = YES;
				CLANG_ENABLE_OBJC_WEAK = YES;
				CLANG_WARN_BLOCK_CAPTURE_AUTORELEASING = YES;
				CLANG_WARN_BOOL_CONVERSION = YES;
				CLANG_WARN_COMMA = YES;
				CLANG_WARN_CONSTANT_CONVERSION = YES;
				CLANG_WARN_DEPRECATED_OBJC_IMPLEMENTATIONS = YES;
				CLANG_WARN_DIRECT_OBJC_ISA_USAGE = YES_ERROR;
				CLANG_WARN_DOCUMENTATION_COMMENTS = YES;
				CLANG_WARN_EMPTY_BODY = YES;
				CLANG_WARN_ENUM_CONVERSION = YES;
				CLANG_WARN_INFINITE_RECURSION = YES;
				CLANG_WARN_INT_CONVERSION = YES;
				CLANG_WARN_NON_LITERAL_NULL_CONVERSION = YES;
				CLANG_WARN_OBJC_IMPLICIT_RETAIN_SELF = YES;
				CLANG_WARN_OBJC_LITERAL_CONVERSION = YES;
				CLANG_WARN_OBJC_ROOT_CLASS = YES_ERROR;
				CLANG_WARN_QUOTED_INCLUDE_IN_FRAMEWORK_HEADER = YES;
				CLANG_WARN_RANGE_LOOP_ANALYSIS = YES;
				CLANG_WARN_STRICT_PROTOTYPES = YES;
				CLANG_WARN_SUSPICIOUS_MOVE = YES;
				CLANG_WARN_UNGUARDED_AVAILABILITY = YES_AGGRESSIVE;
				CLANG_WARN_UNREACHABLE_CODE = YES;
				CLANG_WARN__DUPLICATE_METHOD_MATCH = YES;
				COPY_PHASE_STRIP = NO;
				DEBUG_INFORMATION_FORMAT = "dwarf-with-dsym";
				ENABLE_NS_ASSERTIONS = NO;
				ENABLE_STRICT_OBJC_MSGSEND = YES;
				ENABLE_USER_SCRIPT_SANDBOXING = YES;
				GCC_C_LANGUAGE_STANDARD = gnu17;
				GCC_NO_COMMON_BLOCKS = YES;
				GCC_WARN_64_TO_32_BIT_CONVERSION = YES;
				GCC_WARN_ABOUT_RETURN_TYPE = YES_ERROR;
				GCC_WARN_UNDECLARED_SELECTOR = YES;
				GCC_WARN_UNINITIALIZED_AUTOS = YES_AGGRESSIVE;
				GCC_WARN_UNUSED_FUNCTION = YES;
				GCC_WARN_UNUSED_VARIABLE = YES;
				LOCALIZATION_PREFERS_STRING_CATALOGS = YES;
				MACOSX_DEPLOYMENT_TARGET = 15.2;
				MTL_ENABLE_DEBUG_INFO = NO;
				MTL_FAST_MATH = YES;
				SDKROOT = macosx;
			};
			name = Release;
		};
		8EF1C2272D2404FF0046432D /* Debug */ = {
			isa = XCBuildConfiguration;
			buildSettings = {
				CODE_SIGN_STYLE = Automatic;
				HEADER_SEARCH_PATHS = (
					"${PROJECT_DIR}/../../libraries/sdl/include",
					"${PROJECT_DIR}/../../libraries/soil2/include",
					"${PROJECT_DIR}/../../libraries/glad/include",
					"${PROJECT_DIR}/../../libraries/glm/include",
					"${PROJECT_DIR}/../../libraries/assimp/include",
					"${PROJECT_DIR}/../../shared/code",
				);
				LIBRARY_SEARCH_PATHS = (
					"${PROJECT_DIR}/../../libraries/soil2/lib/macos/xcode-16/static-silicon",
					"${PROJECT_DIR}/../../libraries/sdl/lib/macos",
					"${PROJECT_DIR}/../../libraries/assimp/lib/macos/xcode-16/static-silicon",
				);
				PRODUCT_NAME = "$(TARGET_NAME)";
			};
			name = Debug;
		};
		8EF1C2282D2404FF0046432D /* Release */ = {
			isa = XCBuildConfiguration;
			buildSettings = {
				CODE_SIGN_STYLE = Automatic;
				HEADER_SEARCH_PATHS = (
					"${PROJECT_DIR}/../../libraries/sdl/include",
					"${PROJECT_DIR}/../../libraries/soil2/include",
					"${PROJECT_DIR}/../../libraries/glad/include",
					"${PROJECT_DIR}/../../libraries/glm/include",
					"${PROJECT_DIR}/../../libraries/assimp/include",
					"${PROJECT_DIR}/../../shared/code",
				);
				LIBRARY_SEARCH_PATHS = (
					"${PROJECT_DIR}/../../libraries/soil2/lib/macos/xcode-16/static-silicon",
					"${PROJECT_DIR}/../../libraries/sdl/lib/macos",
					"${PROJECT_DIR}/../../libraries/assimp/lib/macos/xcode-16/static-silicon",
				);
				PRODUCT_NAME = "$(TARGET_NAME)";
			};
			name = Release;
		};
/* End XCBuildConfiguration section */

/* Begin XCConfigurationList section */
		8EF1C21A2D2404FF0046432D /* Build configuration list for PBXProject "OpenGL-FinalProject" */ = {
			isa = XCConfigurationList;
			buildConfigurations = (
				8EF1C2242D2404FF0046432D /* Debug */,
				8EF1C2252D2404FF0046432D /* Release */,
			);
			defaultConfigurationIsVisible = 0;
			defaultConfigurationName = Release;
		};
		8EF1C2262D2404FF0046432D /* Build configuration list for PBXNativeTarget "OpenGL-FinalProject" */ = {
			isa = XCConfigurationList;
			buildConfigurations = (
				8EF1C2272D2404FF0046432D /* Debug */,
				8EF1C2282D2404FF0046432D /* Release */,
			);
			defaultConfigurationIsVisible = 0;
			defaultConfigurationName = Release;
		};
/* End XCConfigurationList section */
	};
	rootObject = 8EF1C2172D2404FF0046432D /* Project object */;
}
